
Microsoft Visual Studio Solution File, Format Version 12.00
# Visual Studio 15
VisualStudioVersion = 15.0.27703.2042
MinimumVisualStudioVersion = 10.0.40219.1
Project("{FAE04EC0-301F-11D3-BF4B-00C04F79EFBC}") = "TwilioDB", "TwilioDB\TwilioDB.csproj", "{BAE44B33-DCEC-4775-8BB6-CC3973646AB6}"
EndProject
Global
	GlobalSection(SolutionConfigurationPlatforms) = preSolution
		Debug|Any CPU = Debug|Any CPU
		Release|Any CPU = Release|Any CPU
	EndGlobalSection
	GlobalSection(ProjectConfigurationPlatforms) = postSolution
		{BAE44B33-DCEC-4775-8BB6-CC3973646AB6}.Debug|Any CPU.ActiveCfg = Debug|Any CPU
		{BAE44B33-DCEC-4775-8BB6-CC3973646AB6}.Debug|Any CPU.Build.0 = Debug|Any CPU
		{BAE44B33-DCEC-4775-8BB6-CC3973646AB6}.Release|Any CPU.ActiveCfg = Release|Any CPU
		{BAE44B33-DCEC-4775-8BB6-CC3973646AB6}.Release|Any CPU.Build.0 = Release|Any CPU
	EndGlobalSection
	GlobalSection(SolutionProperties) = preSolution
		HideSolutionNode = FALSE
	EndGlobalSection
	GlobalSection(ExtensibilityGlobals) = postSolution
		SolutionGuid = {B6C64614-4201-4DC0-9C0A-FE734F10FCE6}
	EndGlobalSection
EndGlobal
