
Microsoft Visual Studio Solution File, Format Version 12.00
# Visual Studio 15
VisualStudioVersion = 15.0.27703.2042
MinimumVisualStudioVersion = 10.0.40219.1
Project("{FAE04EC0-301F-11D3-BF4B-00C04F79EFBC}") = "NetworkLib", "NetworkLib\NetworkLib.csproj", "{C11A9C8B-ACCB-4CF1-B67F-B0CFC5A49628}"
EndProject
Global
	GlobalSection(SolutionConfigurationPlatforms) = preSolution
		Debug|Any CPU = Debug|Any CPU
		Release|Any CPU = Release|Any CPU
	EndGlobalSection
	GlobalSection(ProjectConfigurationPlatforms) = postSolution
		{C11A9C8B-ACCB-4CF1-B67F-B0CFC5A49628}.Debug|Any CPU.ActiveCfg = Debug|Any CPU
		{C11A9C8B-ACCB-4CF1-B67F-B0CFC5A49628}.Debug|Any CPU.Build.0 = Debug|Any CPU
		{C11A9C8B-ACCB-4CF1-B67F-B0CFC5A49628}.Release|Any CPU.ActiveCfg = Release|Any CPU
		{C11A9C8B-ACCB-4CF1-B67F-B0CFC5A49628}.Release|Any CPU.Build.0 = Release|Any CPU
	EndGlobalSection
	GlobalSection(SolutionProperties) = preSolution
		HideSolutionNode = FALSE
	EndGlobalSection
	GlobalSection(ExtensibilityGlobals) = postSolution
		SolutionGuid = {244D7937-8645-4DD9-8948-A2D55BE14719}
	EndGlobalSection
EndGlobal
