
Microsoft Visual Studio Solution File, Format Version 12.00
# Visual Studio 15
VisualStudioVersion = 15.0.27703.2042
MinimumVisualStudioVersion = 10.0.40219.1
Project("{FAE04EC0-301F-11D3-BF4B-00C04F79EFBC}") = "AmazonVolume", "AmazonVolume\AmazonVolume.csproj", "{C91EC13D-76DC-47BA-86E5-7A453542553B}"
EndProject
Global
	GlobalSection(SolutionConfigurationPlatforms) = preSolution
		Debug|Any CPU = Debug|Any CPU
		Release|Any CPU = Release|Any CPU
	EndGlobalSection
	GlobalSection(ProjectConfigurationPlatforms) = postSolution
		{C91EC13D-76DC-47BA-86E5-7A453542553B}.Debug|Any CPU.ActiveCfg = Debug|Any CPU
		{C91EC13D-76DC-47BA-86E5-7A453542553B}.Debug|Any CPU.Build.0 = Debug|Any CPU
		{C91EC13D-76DC-47BA-86E5-7A453542553B}.Release|Any CPU.ActiveCfg = Release|Any CPU
		{C91EC13D-76DC-47BA-86E5-7A453542553B}.Release|Any CPU.Build.0 = Release|Any CPU
	EndGlobalSection
	GlobalSection(SolutionProperties) = preSolution
		HideSolutionNode = FALSE
	EndGlobalSection
	GlobalSection(ExtensibilityGlobals) = postSolution
		SolutionGuid = {AF18F734-7727-41F3-848B-7470D6C96A2B}
	EndGlobalSection
EndGlobal
