
Microsoft Visual Studio Solution File, Format Version 12.00
# Visual Studio 15
VisualStudioVersion = 15.0.27703.2042
MinimumVisualStudioVersion = 10.0.40219.1
Project("{FAE04EC0-301F-11D3-BF4B-00C04F79EFBC}") = "SeleniumLib", "SeleniumLib\SeleniumLib.csproj", "{AB399E4D-4D67-4B6A-9D5A-3D5A758A71A1}"
EndProject
Global
	GlobalSection(SolutionConfigurationPlatforms) = preSolution
		Debug|Any CPU = Debug|Any CPU
		Release|Any CPU = Release|Any CPU
	EndGlobalSection
	GlobalSection(ProjectConfigurationPlatforms) = postSolution
		{AB399E4D-4D67-4B6A-9D5A-3D5A758A71A1}.Debug|Any CPU.ActiveCfg = Debug|Any CPU
		{AB399E4D-4D67-4B6A-9D5A-3D5A758A71A1}.Debug|Any CPU.Build.0 = Debug|Any CPU
		{AB399E4D-4D67-4B6A-9D5A-3D5A758A71A1}.Release|Any CPU.ActiveCfg = Release|Any CPU
		{AB399E4D-4D67-4B6A-9D5A-3D5A758A71A1}.Release|Any CPU.Build.0 = Release|Any CPU
	EndGlobalSection
	GlobalSection(SolutionProperties) = preSolution
		HideSolutionNode = FALSE
	EndGlobalSection
	GlobalSection(ExtensibilityGlobals) = postSolution
		SolutionGuid = {74A4C013-6E13-40AE-B67C-5F3DCFB3CB9E}
	EndGlobalSection
EndGlobal
