
Microsoft Visual Studio Solution File, Format Version 12.00
# Visual Studio 15
VisualStudioVersion = 15.0.27703.2042
MinimumVisualStudioVersion = 10.0.40219.1
Project("{FAE04EC0-301F-11D3-BF4B-00C04F79EFBC}") = "MassEmail", "MassEmail\MassEmail.csproj", "{73AA597B-3DD3-4EC1-8688-7664772DA872}"
EndProject
Global
	GlobalSection(SolutionConfigurationPlatforms) = preSolution
		Debug|Any CPU = Debug|Any CPU
		Release|Any CPU = Release|Any CPU
	EndGlobalSection
	GlobalSection(ProjectConfigurationPlatforms) = postSolution
		{73AA597B-3DD3-4EC1-8688-7664772DA872}.Debug|Any CPU.ActiveCfg = Debug|Any CPU
		{73AA597B-3DD3-4EC1-8688-7664772DA872}.Debug|Any CPU.Build.0 = Debug|Any CPU
		{73AA597B-3DD3-4EC1-8688-7664772DA872}.Release|Any CPU.ActiveCfg = Release|Any CPU
		{73AA597B-3DD3-4EC1-8688-7664772DA872}.Release|Any CPU.Build.0 = Release|Any CPU
	EndGlobalSection
	GlobalSection(SolutionProperties) = preSolution
		HideSolutionNode = FALSE
	EndGlobalSection
	GlobalSection(ExtensibilityGlobals) = postSolution
		SolutionGuid = {3A2ADB37-0C50-4E34-868A-A551D210A2E2}
	EndGlobalSection
EndGlobal
