
Microsoft Visual Studio Solution File, Format Version 12.00
# Visual Studio 15
VisualStudioVersion = 15.0.27703.2042
MinimumVisualStudioVersion = 10.0.40219.1
Project("{FAE04EC0-301F-11D3-BF4B-00C04F79EFBC}") = "ItunesToDrive", "ItunesToDrive\ItunesToDrive.csproj", "{B9D10C0B-32A9-4C50-A458-EFADAED88644}"
EndProject
Global
	GlobalSection(SolutionConfigurationPlatforms) = preSolution
		Debug|Any CPU = Debug|Any CPU
		Release|Any CPU = Release|Any CPU
	EndGlobalSection
	GlobalSection(ProjectConfigurationPlatforms) = postSolution
		{B9D10C0B-32A9-4C50-A458-EFADAED88644}.Debug|Any CPU.ActiveCfg = Debug|Any CPU
		{B9D10C0B-32A9-4C50-A458-EFADAED88644}.Debug|Any CPU.Build.0 = Debug|Any CPU
		{B9D10C0B-32A9-4C50-A458-EFADAED88644}.Release|Any CPU.ActiveCfg = Release|Any CPU
		{B9D10C0B-32A9-4C50-A458-EFADAED88644}.Release|Any CPU.Build.0 = Release|Any CPU
	EndGlobalSection
	GlobalSection(SolutionProperties) = preSolution
		HideSolutionNode = FALSE
	EndGlobalSection
	GlobalSection(ExtensibilityGlobals) = postSolution
		SolutionGuid = {6A3A5F50-94E3-4F4E-BD35-61F4D2EDBB10}
	EndGlobalSection
EndGlobal
