
Microsoft Visual Studio Solution File, Format Version 12.00
# Visual Studio 15
VisualStudioVersion = 15.0.27703.2042
MinimumVisualStudioVersion = 10.0.40219.1
Project("{FAE04EC0-301F-11D3-BF4B-00C04F79EFBC}") = "CardCounting", "CardCounting\CardCounting.csproj", "{01768F15-6559-4333-8FCC-9647068BD11C}"
EndProject
Global
	GlobalSection(SolutionConfigurationPlatforms) = preSolution
		Debug|Any CPU = Debug|Any CPU
		Release|Any CPU = Release|Any CPU
	EndGlobalSection
	GlobalSection(ProjectConfigurationPlatforms) = postSolution
		{01768F15-6559-4333-8FCC-9647068BD11C}.Debug|Any CPU.ActiveCfg = Debug|Any CPU
		{01768F15-6559-4333-8FCC-9647068BD11C}.Debug|Any CPU.Build.0 = Debug|Any CPU
		{01768F15-6559-4333-8FCC-9647068BD11C}.Release|Any CPU.ActiveCfg = Release|Any CPU
		{01768F15-6559-4333-8FCC-9647068BD11C}.Release|Any CPU.Build.0 = Release|Any CPU
	EndGlobalSection
	GlobalSection(SolutionProperties) = preSolution
		HideSolutionNode = FALSE
	EndGlobalSection
	GlobalSection(ExtensibilityGlobals) = postSolution
		SolutionGuid = {BA4DA7CB-68F3-43C0-AD1C-8DB36C4967F7}
	EndGlobalSection
EndGlobal
